
Microsoft Visual Studio Solution File, Format Version 11.00
# Visual Studio 2010
Project("{FAE04EC0-301F-11D3-BF4B-00C04F79EFBC}") = "JengaSimulator", "JengaSimulator\JengaSimulator\JengaSimulator.csproj", "{E5DBCD20-6382-45F8-A63A-B0C249FBD0FC}"
EndProject
Project("{FAE04EC0-301F-11D3-BF4B-00C04F79EFBC}") = "JengaSimulatorContent", "JengaSimulator\JengaSimulatorContent\JengaSimulatorContent.contentproj", "{17CEF31C-6928-4339-A208-7EFACE28FB67}"
EndProject
Global
	GlobalSection(SolutionConfigurationPlatforms) = preSolution
		Debug|x86 = Debug|x86
		Release|x86 = Release|x86
	EndGlobalSection
	GlobalSection(ProjectConfigurationPlatforms) = postSolution
		{E5DBCD20-6382-45F8-A63A-B0C249FBD0FC}.Debug|x86.ActiveCfg = Debug|x86
		{E5DBCD20-6382-45F8-A63A-B0C249FBD0FC}.Debug|x86.Build.0 = Debug|x86
		{E5DBCD20-6382-45F8-A63A-B0C249FBD0FC}.Release|x86.ActiveCfg = Release|x86
		{E5DBCD20-6382-45F8-A63A-B0C249FBD0FC}.Release|x86.Build.0 = Release|x86
		{17CEF31C-6928-4339-A208-7EFACE28FB67}.Debug|x86.ActiveCfg = Debug|x86
		{17CEF31C-6928-4339-A208-7EFACE28FB67}.Release|x86.ActiveCfg = Release|x86
	EndGlobalSection
	GlobalSection(SolutionProperties) = preSolution
		HideSolutionNode = FALSE
	EndGlobalSection
EndGlobal
